
Microsoft Visual Studio Solution File, Format Version 12.00
# Visual Studio Version 16
VisualStudioVersion = 16.0.31515.178
MinimumVisualStudioVersion = 10.0.40219.1
Project("{2150E333-8FDC-42A3-9474-1A3956D46DE8}") = "01 -Presentation", "01 -Presentation", "{30AC0489-E8A9-4A00-BA6E-49A1E76D06BE}"
EndProject
Project("{2150E333-8FDC-42A3-9474-1A3956D46DE8}") = "02 -Distributed Service", "02 -Distributed Service", "{6B37C6A4-85D9-4E87-9ADF-16672B2243C7}"
EndProject
Project("{2150E333-8FDC-42A3-9474-1A3956D46DE8}") = "00 -Test", "00 -Test", "{18C8BCC6-1985-49FA-98B4-0116AFD61E85}"
EndProject
Project("{2150E333-8FDC-42A3-9474-1A3956D46DE8}") = "03 -Domain", "03 -Domain", "{2C08C19B-418B-41FD-8876-E6DC90582D88}"
EndProject
Project("{2150E333-8FDC-42A3-9474-1A3956D46DE8}") = "04 -Persistence", "04 -Persistence", "{7A475A04-1912-43BA-9A17-7A28CE00391B}"
EndProject
Project("{2150E333-8FDC-42A3-9474-1A3956D46DE8}") = "05 -Infrastructure", "05 -Infrastructure", "{FFE8061C-8C8C-4249-8DA3-F24D505AA140}"
EndProject
Project("{9A19103F-16F7-4668-BE54-9A1E7A4F7556}") = "MedicalWebAPI", "MedicalWebAPI\MedicalWebAPI.csproj", "{817172C7-BB44-4836-A6B3-B1372F9D3655}"
EndProject
Project("{9A19103F-16F7-4668-BE54-9A1E7A4F7556}") = "Medical.Domain", "Medical.Domain\Medical.Domain.csproj", "{1F600FBA-86F0-4F19-A42E-1DC917BCDA7D}"
EndProject
Project("{9A19103F-16F7-4668-BE54-9A1E7A4F7556}") = "Medical.Domain.Contract", "Medical.Domain.Contract\Medical.Domain.Contract.csproj", "{3E753F3C-D2AC-4EF9-8303-4119EFB7FE31}"
EndProject
Project("{9A19103F-16F7-4668-BE54-9A1E7A4F7556}") = "Medical.Data", "Medical.Data\Medical.Data.csproj", "{7E470A7B-8496-408E-9F07-DA2AE8BEF165}"
EndProject
Project("{9A19103F-16F7-4668-BE54-9A1E7A4F7556}") = "Medical.Data.Contract", "Medical.Data.Contract\Medical.Data.Contract.csproj", "{3FD51DC6-574B-4FD6-A0C6-464DE3562A5B}"
EndProject
Project("{9A19103F-16F7-4668-BE54-9A1E7A4F7556}") = "Medical.Infrastructure", "Medical.Infrastructure\Medical.Infrastructure.csproj", "{EE6347C0-D6E6-4F48-9473-FABE455EDEEA}"
EndProject
Project("{9A19103F-16F7-4668-BE54-9A1E7A4F7556}") = "Medical.Domain.Test", "Medical.Domain.Test\Medical.Domain.Test.csproj", "{B30BBB75-3E12-4583-85C6-CD62EF7CAEDE}"
EndProject
Project("{9092AA53-FB77-4645-B42D-1CCCA6BD08BD}") = "Medical.UI", "Medical.UI\Medical.UI.njsproj", "{B3706B76-356A-4501-9052-C2522B74628C}"
EndProject
Project("{9A19103F-16F7-4668-BE54-9A1E7A4F7556}") = "Medical.Infrastructure.IOC", "Medical.Infrastructure.IOC\Medical.Infrastructure.IOC.csproj", "{B1748AB5-2CFF-4513-80CE-32BD90B9E09C}"
EndProject
Project("{9092AA53-FB77-4645-B42D-1CCCA6BD08BD}") = "Medical.Firebase.UI", "Medical.Firebase.UI\Medical.Firebase.UI.njsproj", "{B5388159-BA15-4D0F-B0CC-3848BC43D7A8}"
EndProject
Project("{FAE04EC0-301F-11D3-BF4B-00C04F79EFBC}") = "Medical.Data.Test", "Medical.Data.Test\Medical.Data.Test.csproj", "{547425A1-7121-4277-9080-1E18C1BF6ABE}"
EndProject
Project("{FAE04EC0-301F-11D3-BF4B-00C04F79EFBC}") = "Medical.API.Test", "Medical.API.Test\Medical.API.Test.csproj", "{BB5C764F-D5CB-4D78-A066-15823CE2111A}"
EndProject
Project("{FAE04EC0-301F-11D3-BF4B-00C04F79EFBC}") = "Medical.Int.Test", "Medical.Int.Test\Medical.Int.Test.csproj", "{D8781538-40E9-4895-8E9B-049324D91705}"
EndProject
Global
	GlobalSection(SolutionConfigurationPlatforms) = preSolution
		Debug|Any CPU = Debug|Any CPU
		Release|Any CPU = Release|Any CPU
	EndGlobalSection
	GlobalSection(ProjectConfigurationPlatforms) = postSolution
		{817172C7-BB44-4836-A6B3-B1372F9D3655}.Debug|Any CPU.ActiveCfg = Debug|Any CPU
		{817172C7-BB44-4836-A6B3-B1372F9D3655}.Debug|Any CPU.Build.0 = Debug|Any CPU
		{817172C7-BB44-4836-A6B3-B1372F9D3655}.Release|Any CPU.ActiveCfg = Release|Any CPU
		{817172C7-BB44-4836-A6B3-B1372F9D3655}.Release|Any CPU.Build.0 = Release|Any CPU
		{1F600FBA-86F0-4F19-A42E-1DC917BCDA7D}.Debug|Any CPU.ActiveCfg = Debug|Any CPU
		{1F600FBA-86F0-4F19-A42E-1DC917BCDA7D}.Debug|Any CPU.Build.0 = Debug|Any CPU
		{1F600FBA-86F0-4F19-A42E-1DC917BCDA7D}.Release|Any CPU.ActiveCfg = Release|Any CPU
		{1F600FBA-86F0-4F19-A42E-1DC917BCDA7D}.Release|Any CPU.Build.0 = Release|Any CPU
		{3E753F3C-D2AC-4EF9-8303-4119EFB7FE31}.Debug|Any CPU.ActiveCfg = Debug|Any CPU
		{3E753F3C-D2AC-4EF9-8303-4119EFB7FE31}.Debug|Any CPU.Build.0 = Debug|Any CPU
		{3E753F3C-D2AC-4EF9-8303-4119EFB7FE31}.Release|Any CPU.ActiveCfg = Release|Any CPU
		{3E753F3C-D2AC-4EF9-8303-4119EFB7FE31}.Release|Any CPU.Build.0 = Release|Any CPU
		{7E470A7B-8496-408E-9F07-DA2AE8BEF165}.Debug|Any CPU.ActiveCfg = Debug|Any CPU
		{7E470A7B-8496-408E-9F07-DA2AE8BEF165}.Debug|Any CPU.Build.0 = Debug|Any CPU
		{7E470A7B-8496-408E-9F07-DA2AE8BEF165}.Release|Any CPU.ActiveCfg = Release|Any CPU
		{7E470A7B-8496-408E-9F07-DA2AE8BEF165}.Release|Any CPU.Build.0 = Release|Any CPU
		{3FD51DC6-574B-4FD6-A0C6-464DE3562A5B}.Debug|Any CPU.ActiveCfg = Debug|Any CPU
		{3FD51DC6-574B-4FD6-A0C6-464DE3562A5B}.Debug|Any CPU.Build.0 = Debug|Any CPU
		{3FD51DC6-574B-4FD6-A0C6-464DE3562A5B}.Release|Any CPU.ActiveCfg = Release|Any CPU
		{3FD51DC6-574B-4FD6-A0C6-464DE3562A5B}.Release|Any CPU.Build.0 = Release|Any CPU
		{EE6347C0-D6E6-4F48-9473-FABE455EDEEA}.Debug|Any CPU.ActiveCfg = Debug|Any CPU
		{EE6347C0-D6E6-4F48-9473-FABE455EDEEA}.Debug|Any CPU.Build.0 = Debug|Any CPU
		{EE6347C0-D6E6-4F48-9473-FABE455EDEEA}.Release|Any CPU.ActiveCfg = Release|Any CPU
		{EE6347C0-D6E6-4F48-9473-FABE455EDEEA}.Release|Any CPU.Build.0 = Release|Any CPU
		{B30BBB75-3E12-4583-85C6-CD62EF7CAEDE}.Debug|Any CPU.ActiveCfg = Debug|Any CPU
		{B30BBB75-3E12-4583-85C6-CD62EF7CAEDE}.Debug|Any CPU.Build.0 = Debug|Any CPU
		{B30BBB75-3E12-4583-85C6-CD62EF7CAEDE}.Release|Any CPU.ActiveCfg = Release|Any CPU
		{B30BBB75-3E12-4583-85C6-CD62EF7CAEDE}.Release|Any CPU.Build.0 = Release|Any CPU
		{B3706B76-356A-4501-9052-C2522B74628C}.Debug|Any CPU.ActiveCfg = Debug|Any CPU
		{B3706B76-356A-4501-9052-C2522B74628C}.Debug|Any CPU.Build.0 = Debug|Any CPU
		{B3706B76-356A-4501-9052-C2522B74628C}.Release|Any CPU.ActiveCfg = Release|Any CPU
		{B3706B76-356A-4501-9052-C2522B74628C}.Release|Any CPU.Build.0 = Release|Any CPU
		{B1748AB5-2CFF-4513-80CE-32BD90B9E09C}.Debug|Any CPU.ActiveCfg = Debug|Any CPU
		{B1748AB5-2CFF-4513-80CE-32BD90B9E09C}.Debug|Any CPU.Build.0 = Debug|Any CPU
		{B1748AB5-2CFF-4513-80CE-32BD90B9E09C}.Release|Any CPU.ActiveCfg = Release|Any CPU
		{B1748AB5-2CFF-4513-80CE-32BD90B9E09C}.Release|Any CPU.Build.0 = Release|Any CPU
		{B5388159-BA15-4D0F-B0CC-3848BC43D7A8}.Debug|Any CPU.ActiveCfg = Debug|Any CPU
		{B5388159-BA15-4D0F-B0CC-3848BC43D7A8}.Debug|Any CPU.Build.0 = Debug|Any CPU
		{B5388159-BA15-4D0F-B0CC-3848BC43D7A8}.Release|Any CPU.ActiveCfg = Release|Any CPU
		{B5388159-BA15-4D0F-B0CC-3848BC43D7A8}.Release|Any CPU.Build.0 = Release|Any CPU
		{547425A1-7121-4277-9080-1E18C1BF6ABE}.Debug|Any CPU.ActiveCfg = Debug|Any CPU
		{547425A1-7121-4277-9080-1E18C1BF6ABE}.Debug|Any CPU.Build.0 = Debug|Any CPU
		{547425A1-7121-4277-9080-1E18C1BF6ABE}.Release|Any CPU.ActiveCfg = Release|Any CPU
		{547425A1-7121-4277-9080-1E18C1BF6ABE}.Release|Any CPU.Build.0 = Release|Any CPU
		{BB5C764F-D5CB-4D78-A066-15823CE2111A}.Debug|Any CPU.ActiveCfg = Debug|Any CPU
		{BB5C764F-D5CB-4D78-A066-15823CE2111A}.Debug|Any CPU.Build.0 = Debug|Any CPU
		{BB5C764F-D5CB-4D78-A066-15823CE2111A}.Release|Any CPU.ActiveCfg = Release|Any CPU
		{BB5C764F-D5CB-4D78-A066-15823CE2111A}.Release|Any CPU.Build.0 = Release|Any CPU
		{D8781538-40E9-4895-8E9B-049324D91705}.Debug|Any CPU.ActiveCfg = Debug|Any CPU
		{D8781538-40E9-4895-8E9B-049324D91705}.Debug|Any CPU.Build.0 = Debug|Any CPU
		{D8781538-40E9-4895-8E9B-049324D91705}.Release|Any CPU.ActiveCfg = Release|Any CPU
		{D8781538-40E9-4895-8E9B-049324D91705}.Release|Any CPU.Build.0 = Release|Any CPU
	EndGlobalSection
	GlobalSection(SolutionProperties) = preSolution
		HideSolutionNode = FALSE
	EndGlobalSection
	GlobalSection(NestedProjects) = preSolution
		{817172C7-BB44-4836-A6B3-B1372F9D3655} = {6B37C6A4-85D9-4E87-9ADF-16672B2243C7}
		{1F600FBA-86F0-4F19-A42E-1DC917BCDA7D} = {2C08C19B-418B-41FD-8876-E6DC90582D88}
		{3E753F3C-D2AC-4EF9-8303-4119EFB7FE31} = {2C08C19B-418B-41FD-8876-E6DC90582D88}
		{7E470A7B-8496-408E-9F07-DA2AE8BEF165} = {7A475A04-1912-43BA-9A17-7A28CE00391B}
		{3FD51DC6-574B-4FD6-A0C6-464DE3562A5B} = {7A475A04-1912-43BA-9A17-7A28CE00391B}
		{EE6347C0-D6E6-4F48-9473-FABE455EDEEA} = {FFE8061C-8C8C-4249-8DA3-F24D505AA140}
		{B30BBB75-3E12-4583-85C6-CD62EF7CAEDE} = {18C8BCC6-1985-49FA-98B4-0116AFD61E85}
		{B3706B76-356A-4501-9052-C2522B74628C} = {30AC0489-E8A9-4A00-BA6E-49A1E76D06BE}
		{B1748AB5-2CFF-4513-80CE-32BD90B9E09C} = {FFE8061C-8C8C-4249-8DA3-F24D505AA140}
		{B5388159-BA15-4D0F-B0CC-3848BC43D7A8} = {30AC0489-E8A9-4A00-BA6E-49A1E76D06BE}
		{547425A1-7121-4277-9080-1E18C1BF6ABE} = {18C8BCC6-1985-49FA-98B4-0116AFD61E85}
		{BB5C764F-D5CB-4D78-A066-15823CE2111A} = {18C8BCC6-1985-49FA-98B4-0116AFD61E85}
		{D8781538-40E9-4895-8E9B-049324D91705} = {18C8BCC6-1985-49FA-98B4-0116AFD61E85}
	EndGlobalSection
	GlobalSection(ExtensibilityGlobals) = postSolution
		SolutionGuid = {8A17B11D-184E-4DEA-9AD1-694F19B2A182}
	EndGlobalSection
EndGlobal
